
Microsoft Visual Studio Solution File, Format Version 12.00
# Visual Studio Version 16
VisualStudioVersion = 25.0.1706.7
MinimumVisualStudioVersion = 10.0.40219.1
Project("{FAE04EC0-301F-11D3-BF4B-00C04F79EFBC}") = "Product&ReviewsWebAPI", "Product&ReviewsWebAPI\Product&ReviewsWebAPI.csproj", "{90CDB770-DE84-4130-B889-CD0488826DE5}"
EndProject
Global
	GlobalSection(SolutionConfigurationPlatforms) = preSolution
		Debug|Any CPU = Debug|Any CPU
		Release|Any CPU = Release|Any CPU
	EndGlobalSection
	GlobalSection(ProjectConfigurationPlatforms) = postSolution
		{90CDB770-DE84-4130-B889-CD0488826DE5}.Debug|Any CPU.ActiveCfg = Debug|Any CPU
		{90CDB770-DE84-4130-B889-CD0488826DE5}.Debug|Any CPU.Build.0 = Debug|Any CPU
		{90CDB770-DE84-4130-B889-CD0488826DE5}.Release|Any CPU.ActiveCfg = Release|Any CPU
		{90CDB770-DE84-4130-B889-CD0488826DE5}.Release|Any CPU.Build.0 = Release|Any CPU
	EndGlobalSection
	GlobalSection(SolutionProperties) = preSolution
		HideSolutionNode = FALSE
	EndGlobalSection
	GlobalSection(ExtensibilityGlobals) = postSolution
		SolutionGuid = {30FE5A89-D79A-4CD2-B570-93E14B71BB8F}
	EndGlobalSection
EndGlobal
